// !$*UTF8*$!
{
	archiveVersion = 1;
	classes = {
	};
	objectVersion = 52;
	objects = {

/* Begin PBXBuildFile section */
		1B5D4645ED8B867348E63D53 /* Pods_Portal_PortalUITests.framework in Frameworks */ = {isa = PBXBuildFile; fileRef = E7E6B5476585C5A59BE5839D /* Pods_Portal_PortalUITests.framework */; };
		699170B47959AC03046904DC /* Pods_PortalTests.framework in Frameworks */ = {isa = PBXBuildFile; fileRef = 208D6013569144022A61A0CB /* Pods_PortalTests.framework */; };
		755233B324291314001D8CF8 /* Font+Extension.swift in Sources */ = {isa = PBXBuildFile; fileRef = 755233B224291314001D8CF8 /* Font+Extension.swift */; };
		7582D3A524123184008ECAB0 /* AppDelegate.swift in Sources */ = {isa = PBXBuildFile; fileRef = 7582D3A424123184008ECAB0 /* AppDelegate.swift */; };
		7582D3A724123184008ECAB0 /* SceneDelegate.swift in Sources */ = {isa = PBXBuildFile; fileRef = 7582D3A624123184008ECAB0 /* SceneDelegate.swift */; };
		7582D3AA24123184008ECAB0 /* Portal.xcdatamodeld in Sources */ = {isa = PBXBuildFile; fileRef = 7582D3A824123184008ECAB0 /* Portal.xcdatamodeld */; };
		7582D3AC24123184008ECAB0 /* MainView.swift in Sources */ = {isa = PBXBuildFile; fileRef = 7582D3AB24123184008ECAB0 /* MainView.swift */; };
		7582D3AE24123185008ECAB0 /* Assets.xcassets in Resources */ = {isa = PBXBuildFile; fileRef = 7582D3AD24123185008ECAB0 /* Assets.xcassets */; };
		7582D3B124123185008ECAB0 /* Preview Assets.xcassets in Resources */ = {isa = PBXBuildFile; fileRef = 7582D3B024123185008ECAB0 /* Preview Assets.xcassets */; };
		7582D3B424123185008ECAB0 /* LaunchScreen.storyboard in Resources */ = {isa = PBXBuildFile; fileRef = 7582D3B224123185008ECAB0 /* LaunchScreen.storyboard */; };
		7582D3BF24123185008ECAB0 /* PortalTests.swift in Sources */ = {isa = PBXBuildFile; fileRef = 7582D3BE24123185008ECAB0 /* PortalTests.swift */; };
		7582D3CA24123185008ECAB0 /* PortalUITests.swift in Sources */ = {isa = PBXBuildFile; fileRef = 7582D3C924123185008ECAB0 /* PortalUITests.swift */; };
		7582D3D924123240008ECAB0 /* WalletView.swift in Sources */ = {isa = PBXBuildFile; fileRef = 7582D3D824123240008ECAB0 /* WalletView.swift */; };
		7582D3DB2412325D008ECAB0 /* AtomicBridgeView.swift in Sources */ = {isa = PBXBuildFile; fileRef = 7582D3DA2412325D008ECAB0 /* AtomicBridgeView.swift */; };
		7582D3DD241255A5008ECAB0 /* WalletItemView.swift in Sources */ = {isa = PBXBuildFile; fileRef = 7582D3DC241255A5008ECAB0 /* WalletItemView.swift */; };
		7582D3DF24125641008ECAB0 /* MockData.swift in Sources */ = {isa = PBXBuildFile; fileRef = 7582D3DE24125641008ECAB0 /* MockData.swift */; };
		7582D3E12412569F008ECAB0 /* WalletItemViewModel.swift in Sources */ = {isa = PBXBuildFile; fileRef = 7582D3E02412569F008ECAB0 /* WalletItemViewModel.swift */; };
		7582D3EA241261A0008ECAB0 /* PortfolioView.swift in Sources */ = {isa = PBXBuildFile; fileRef = 7582D3E9241261A0008ECAB0 /* PortfolioView.swift */; };
		7582D3F124126B60008ECAB0 /* CoinView.swift in Sources */ = {isa = PBXBuildFile; fileRef = 7582D3F024126B5F008ECAB0 /* CoinView.swift */; };
		7582D3F32414B0A1008ECAB0 /* PieChartUIKitWrapper.swift in Sources */ = {isa = PBXBuildFile; fileRef = 7582D3F22414B0A1008ECAB0 /* PieChartUIKitWrapper.swift */; };
		7582D3F5241619CA008ECAB0 /* PieChartViewModel.swift in Sources */ = {isa = PBXBuildFile; fileRef = 7582D3F4241619CA008ECAB0 /* PieChartViewModel.swift */; };
		7582D3F724161A34008ECAB0 /* Double+Extension.swift in Sources */ = {isa = PBXBuildFile; fileRef = 7582D3F624161A34008ECAB0 /* Double+Extension.swift */; };
		7582D3F924161ABA008ECAB0 /* PieChart+Extension.swift in Sources */ = {isa = PBXBuildFile; fileRef = 7582D3F824161ABA008ECAB0 /* PieChart+Extension.swift */; };
		7582D3FC24161EB5008ECAB0 /* AssetAllocationView.swift in Sources */ = {isa = PBXBuildFile; fileRef = 7582D3FB24161EB5008ECAB0 /* AssetAllocationView.swift */; };
		7582D3FF241620A3008ECAB0 /* AssetAllocationViewModel.swift in Sources */ = {isa = PBXBuildFile; fileRef = 7582D3FE241620A3008ECAB0 /* AssetAllocationViewModel.swift */; };
		7582D40124165C29008ECAB0 /* LineChartUIKitWrapper.swift in Sources */ = {isa = PBXBuildFile; fileRef = 7582D40024165C29008ECAB0 /* LineChartUIKitWrapper.swift */; };
		7582D4032416735F008ECAB0 /* LineChart+Extension.swift in Sources */ = {isa = PBXBuildFile; fileRef = 7582D4022416735F008ECAB0 /* LineChart+Extension.swift */; };
		7582D40524167417008ECAB0 /* PortfolioViewModelProtocol.swift in Sources */ = {isa = PBXBuildFile; fileRef = 7582D40424167417008ECAB0 /* PortfolioViewModelProtocol.swift */; };
		7582D407241679A3008ECAB0 /* Enums.swift in Sources */ = {isa = PBXBuildFile; fileRef = 7582D406241679A3008ECAB0 /* Enums.swift */; };
		7582D409241679C3008ECAB0 /* MarketSnapshot.swift in Sources */ = {isa = PBXBuildFile; fileRef = 7582D408241679C3008ECAB0 /* MarketSnapshot.swift */; };
		7582D40B24167A3F008ECAB0 /* CoinMarketData.swift in Sources */ = {isa = PBXBuildFile; fileRef = 7582D40A24167A3F008ECAB0 /* CoinMarketData.swift */; };
		7582D40D24167A87008ECAB0 /* StringFormatter.swift in Sources */ = {isa = PBXBuildFile; fileRef = 7582D40C24167A87008ECAB0 /* StringFormatter.swift */; };
		7582D40F24167AAE008ECAB0 /* Date+Extension.swift in Sources */ = {isa = PBXBuildFile; fileRef = 7582D40E24167AAE008ECAB0 /* Date+Extension.swift */; };
		7582D41124167AE9008ECAB0 /* FiatCurrency.swift in Sources */ = {isa = PBXBuildFile; fileRef = 7582D41024167AE9008ECAB0 /* FiatCurrency.swift */; };
		7582D4152417A39E008ECAB0 /* AssetMarketValueView.swift in Sources */ = {isa = PBXBuildFile; fileRef = 7582D4142417A39D008ECAB0 /* AssetMarketValueView.swift */; };
		7582D4192418C799008ECAB0 /* SendCoinView.swift in Sources */ = {isa = PBXBuildFile; fileRef = 7582D4182418C799008ECAB0 /* SendCoinView.swift */; };
		7582D41B2418C7A9008ECAB0 /* ReceiveCoinView.swift in Sources */ = {isa = PBXBuildFile; fileRef = 7582D41A2418C7A9008ECAB0 /* ReceiveCoinView.swift */; };
		7582D41D2418C7CD008ECAB0 /* SendToExchangeView.swift in Sources */ = {isa = PBXBuildFile; fileRef = 7582D41C2418C7CD008ECAB0 /* SendToExchangeView.swift */; };
		7582D41F2418C7DB008ECAB0 /* WithdrawCoinView.swift in Sources */ = {isa = PBXBuildFile; fileRef = 7582D41E2418C7DB008ECAB0 /* WithdrawCoinView.swift */; };
		7582D422241BAE62008ECAB0 /* Color+Extension.swift in Sources */ = {isa = PBXBuildFile; fileRef = 7582D421241BAE61008ECAB0 /* Color+Extension.swift */; };
		7582D425241BDCA4008ECAB0 /* QGrid in Frameworks */ = {isa = PBXBuildFile; productRef = 7582D424241BDCA4008ECAB0 /* QGrid */; };
		7582D429241FD9F0008ECAB0 /* TransactionsListView.swift in Sources */ = {isa = PBXBuildFile; fileRef = 7582D428241FD9F0008ECAB0 /* TransactionsListView.swift */; };
		7582D42B241FDA87008ECAB0 /* AlertsListView.swift in Sources */ = {isa = PBXBuildFile; fileRef = 7582D42A241FDA87008ECAB0 /* AlertsListView.swift */; };
		7582D42F2420C7BF008ECAB0 /* TransactionListItemView.swift in Sources */ = {isa = PBXBuildFile; fileRef = 7582D42E2420C7BF008ECAB0 /* TransactionListItemView.swift */; };
		7582D43124210618008ECAB0 /* TransactionView.swift in Sources */ = {isa = PBXBuildFile; fileRef = 7582D43024210618008ECAB0 /* TransactionView.swift */; };
		AD093EAC7E32437B9E5B187B /* Pods_Portal.framework in Frameworks */ = {isa = PBXBuildFile; fileRef = A724453451E80046E8FED853 /* Pods_Portal.framework */; };
/* End PBXBuildFile section */

/* Begin PBXContainerItemProxy section */
		7582D3BB24123185008ECAB0 /* PBXContainerItemProxy */ = {
			isa = PBXContainerItemProxy;
			containerPortal = 7582D39924123184008ECAB0 /* Project object */;
			proxyType = 1;
			remoteGlobalIDString = 7582D3A024123184008ECAB0;
			remoteInfo = Portal;
		};
		7582D3C624123185008ECAB0 /* PBXContainerItemProxy */ = {
			isa = PBXContainerItemProxy;
			containerPortal = 7582D39924123184008ECAB0 /* Project object */;
			proxyType = 1;
			remoteGlobalIDString = 7582D3A024123184008ECAB0;
			remoteInfo = Portal;
		};
/* End PBXContainerItemProxy section */

/* Begin PBXFileReference section */
		171CE3F19DB1868F6CFF77FB /* Pods-Portal-PortalUITests.debug.xcconfig */ = {isa = PBXFileReference; includeInIndex = 1; lastKnownFileType = text.xcconfig; name = "Pods-Portal-PortalUITests.debug.xcconfig"; path = "Target Support Files/Pods-Portal-PortalUITests/Pods-Portal-PortalUITests.debug.xcconfig"; sourceTree = "<group>"; };
		208D6013569144022A61A0CB /* Pods_PortalTests.framework */ = {isa = PBXFileReference; explicitFileType = wrapper.framework; includeInIndex = 0; path = Pods_PortalTests.framework; sourceTree = BUILT_PRODUCTS_DIR; };
		2560AA559CB382BE426B8341 /* Pods-Portal-PortalUITests.release.xcconfig */ = {isa = PBXFileReference; includeInIndex = 1; lastKnownFileType = text.xcconfig; name = "Pods-Portal-PortalUITests.release.xcconfig"; path = "Target Support Files/Pods-Portal-PortalUITests/Pods-Portal-PortalUITests.release.xcconfig"; sourceTree = "<group>"; };
		2A4759DB4F7D821F4AF0322A /* Pods-PortalTests.debug.xcconfig */ = {isa = PBXFileReference; includeInIndex = 1; lastKnownFileType = text.xcconfig; name = "Pods-PortalTests.debug.xcconfig"; path = "Target Support Files/Pods-PortalTests/Pods-PortalTests.debug.xcconfig"; sourceTree = "<group>"; };
		6068F2B744BD8F6270795EC0 /* Pods-PortalTests.release.xcconfig */ = {isa = PBXFileReference; includeInIndex = 1; lastKnownFileType = text.xcconfig; name = "Pods-PortalTests.release.xcconfig"; path = "Target Support Files/Pods-PortalTests/Pods-PortalTests.release.xcconfig"; sourceTree = "<group>"; };
		755233B224291314001D8CF8 /* Font+Extension.swift */ = {isa = PBXFileReference; lastKnownFileType = sourcecode.swift; path = "Font+Extension.swift"; sourceTree = "<group>"; };
		7582D3A124123184008ECAB0 /* Portal.app */ = {isa = PBXFileReference; explicitFileType = wrapper.application; includeInIndex = 0; path = Portal.app; sourceTree = BUILT_PRODUCTS_DIR; };
		7582D3A424123184008ECAB0 /* AppDelegate.swift */ = {isa = PBXFileReference; lastKnownFileType = sourcecode.swift; path = AppDelegate.swift; sourceTree = "<group>"; };
		7582D3A624123184008ECAB0 /* SceneDelegate.swift */ = {isa = PBXFileReference; lastKnownFileType = sourcecode.swift; path = SceneDelegate.swift; sourceTree = "<group>"; };
		7582D3A924123184008ECAB0 /* Portal.xcdatamodel */ = {isa = PBXFileReference; lastKnownFileType = wrapper.xcdatamodel; path = Portal.xcdatamodel; sourceTree = "<group>"; };
		7582D3AB24123184008ECAB0 /* MainView.swift */ = {isa = PBXFileReference; lastKnownFileType = sourcecode.swift; path = MainView.swift; sourceTree = "<group>"; };
		7582D3AD24123185008ECAB0 /* Assets.xcassets */ = {isa = PBXFileReference; lastKnownFileType = folder.assetcatalog; path = Assets.xcassets; sourceTree = "<group>"; };
		7582D3B024123185008ECAB0 /* Preview Assets.xcassets */ = {isa = PBXFileReference; lastKnownFileType = folder.assetcatalog; path = "Preview Assets.xcassets"; sourceTree = "<group>"; };
		7582D3B324123185008ECAB0 /* Base */ = {isa = PBXFileReference; lastKnownFileType = file.storyboard; name = Base; path = Base.lproj/LaunchScreen.storyboard; sourceTree = "<group>"; };
		7582D3B524123185008ECAB0 /* Info.plist */ = {isa = PBXFileReference; lastKnownFileType = text.plist.xml; path = Info.plist; sourceTree = "<group>"; };
		7582D3BA24123185008ECAB0 /* PortalTests.xctest */ = {isa = PBXFileReference; explicitFileType = wrapper.cfbundle; includeInIndex = 0; path = PortalTests.xctest; sourceTree = BUILT_PRODUCTS_DIR; };
		7582D3BE24123185008ECAB0 /* PortalTests.swift */ = {isa = PBXFileReference; lastKnownFileType = sourcecode.swift; path = PortalTests.swift; sourceTree = "<group>"; };
		7582D3C024123185008ECAB0 /* Info.plist */ = {isa = PBXFileReference; lastKnownFileType = text.plist.xml; path = Info.plist; sourceTree = "<group>"; };
		7582D3C524123185008ECAB0 /* PortalUITests.xctest */ = {isa = PBXFileReference; explicitFileType = wrapper.cfbundle; includeInIndex = 0; path = PortalUITests.xctest; sourceTree = BUILT_PRODUCTS_DIR; };
		7582D3C924123185008ECAB0 /* PortalUITests.swift */ = {isa = PBXFileReference; lastKnownFileType = sourcecode.swift; path = PortalUITests.swift; sourceTree = "<group>"; };
		7582D3CB24123185008ECAB0 /* Info.plist */ = {isa = PBXFileReference; lastKnownFileType = text.plist.xml; path = Info.plist; sourceTree = "<group>"; };
		7582D3D824123240008ECAB0 /* WalletView.swift */ = {isa = PBXFileReference; lastKnownFileType = sourcecode.swift; path = WalletView.swift; sourceTree = "<group>"; };
		7582D3DA2412325D008ECAB0 /* AtomicBridgeView.swift */ = {isa = PBXFileReference; lastKnownFileType = sourcecode.swift; path = AtomicBridgeView.swift; sourceTree = "<group>"; };
		7582D3DC241255A5008ECAB0 /* WalletItemView.swift */ = {isa = PBXFileReference; lastKnownFileType = sourcecode.swift; path = WalletItemView.swift; sourceTree = "<group>"; };
		7582D3DE24125641008ECAB0 /* MockData.swift */ = {isa = PBXFileReference; lastKnownFileType = sourcecode.swift; path = MockData.swift; sourceTree = "<group>"; };
		7582D3E02412569F008ECAB0 /* WalletItemViewModel.swift */ = {isa = PBXFileReference; lastKnownFileType = sourcecode.swift; path = WalletItemViewModel.swift; sourceTree = "<group>"; };
		7582D3E9241261A0008ECAB0 /* PortfolioView.swift */ = {isa = PBXFileReference; lastKnownFileType = sourcecode.swift; path = PortfolioView.swift; sourceTree = "<group>"; };
		7582D3F024126B5F008ECAB0 /* CoinView.swift */ = {isa = PBXFileReference; lastKnownFileType = sourcecode.swift; path = CoinView.swift; sourceTree = "<group>"; };
		7582D3F22414B0A1008ECAB0 /* PieChartUIKitWrapper.swift */ = {isa = PBXFileReference; lastKnownFileType = sourcecode.swift; path = PieChartUIKitWrapper.swift; sourceTree = "<group>"; };
		7582D3F4241619CA008ECAB0 /* PieChartViewModel.swift */ = {isa = PBXFileReference; lastKnownFileType = sourcecode.swift; path = PieChartViewModel.swift; sourceTree = "<group>"; };
		7582D3F624161A34008ECAB0 /* Double+Extension.swift */ = {isa = PBXFileReference; lastKnownFileType = sourcecode.swift; path = "Double+Extension.swift"; sourceTree = "<group>"; };
		7582D3F824161ABA008ECAB0 /* PieChart+Extension.swift */ = {isa = PBXFileReference; lastKnownFileType = sourcecode.swift; path = "PieChart+Extension.swift"; sourceTree = "<group>"; };
		7582D3FB24161EB5008ECAB0 /* AssetAllocationView.swift */ = {isa = PBXFileReference; lastKnownFileType = sourcecode.swift; path = AssetAllocationView.swift; sourceTree = "<group>"; };
		7582D3FE241620A3008ECAB0 /* AssetAllocationViewModel.swift */ = {isa = PBXFileReference; lastKnownFileType = sourcecode.swift; path = AssetAllocationViewModel.swift; sourceTree = "<group>"; };
		7582D40024165C29008ECAB0 /* LineChartUIKitWrapper.swift */ = {isa = PBXFileReference; lastKnownFileType = sourcecode.swift; path = LineChartUIKitWrapper.swift; sourceTree = "<group>"; };
		7582D4022416735F008ECAB0 /* LineChart+Extension.swift */ = {isa = PBXFileReference; lastKnownFileType = sourcecode.swift; path = "LineChart+Extension.swift"; sourceTree = "<group>"; };
		7582D40424167417008ECAB0 /* PortfolioViewModelProtocol.swift */ = {isa = PBXFileReference; lastKnownFileType = sourcecode.swift; path = PortfolioViewModelProtocol.swift; sourceTree = "<group>"; };
		7582D406241679A3008ECAB0 /* Enums.swift */ = {isa = PBXFileReference; lastKnownFileType = sourcecode.swift; path = Enums.swift; sourceTree = "<group>"; };
		7582D408241679C3008ECAB0 /* MarketSnapshot.swift */ = {isa = PBXFileReference; lastKnownFileType = sourcecode.swift; path = MarketSnapshot.swift; sourceTree = "<group>"; };
		7582D40A24167A3F008ECAB0 /* CoinMarketData.swift */ = {isa = PBXFileReference; lastKnownFileType = sourcecode.swift; path = CoinMarketData.swift; sourceTree = "<group>"; };
		7582D40C24167A87008ECAB0 /* StringFormatter.swift */ = {isa = PBXFileReference; lastKnownFileType = sourcecode.swift; path = StringFormatter.swift; sourceTree = "<group>"; };
		7582D40E24167AAE008ECAB0 /* Date+Extension.swift */ = {isa = PBXFileReference; lastKnownFileType = sourcecode.swift; path = "Date+Extension.swift"; sourceTree = "<group>"; };
		7582D41024167AE9008ECAB0 /* FiatCurrency.swift */ = {isa = PBXFileReference; lastKnownFileType = sourcecode.swift; path = FiatCurrency.swift; sourceTree = "<group>"; };
		7582D4142417A39D008ECAB0 /* AssetMarketValueView.swift */ = {isa = PBXFileReference; lastKnownFileType = sourcecode.swift; path = AssetMarketValueView.swift; sourceTree = "<group>"; };
		7582D4182418C799008ECAB0 /* SendCoinView.swift */ = {isa = PBXFileReference; lastKnownFileType = sourcecode.swift; path = SendCoinView.swift; sourceTree = "<group>"; };
		7582D41A2418C7A9008ECAB0 /* ReceiveCoinView.swift */ = {isa = PBXFileReference; lastKnownFileType = sourcecode.swift; path = ReceiveCoinView.swift; sourceTree = "<group>"; };
		7582D41C2418C7CD008ECAB0 /* SendToExchangeView.swift */ = {isa = PBXFileReference; lastKnownFileType = sourcecode.swift; path = SendToExchangeView.swift; sourceTree = "<group>"; };
		7582D41E2418C7DB008ECAB0 /* WithdrawCoinView.swift */ = {isa = PBXFileReference; lastKnownFileType = sourcecode.swift; path = WithdrawCoinView.swift; sourceTree = "<group>"; };
		7582D421241BAE61008ECAB0 /* Color+Extension.swift */ = {isa = PBXFileReference; lastKnownFileType = sourcecode.swift; path = "Color+Extension.swift"; sourceTree = "<group>"; };
		7582D428241FD9F0008ECAB0 /* TransactionsListView.swift */ = {isa = PBXFileReference; lastKnownFileType = sourcecode.swift; path = TransactionsListView.swift; sourceTree = "<group>"; };
		7582D42A241FDA87008ECAB0 /* AlertsListView.swift */ = {isa = PBXFileReference; lastKnownFileType = sourcecode.swift; path = AlertsListView.swift; sourceTree = "<group>"; };
		7582D42E2420C7BF008ECAB0 /* TransactionListItemView.swift */ = {isa = PBXFileReference; lastKnownFileType = sourcecode.swift; path = TransactionListItemView.swift; sourceTree = "<group>"; };
		7582D43024210618008ECAB0 /* TransactionView.swift */ = {isa = PBXFileReference; lastKnownFileType = sourcecode.swift; path = TransactionView.swift; sourceTree = "<group>"; };
		A724453451E80046E8FED853 /* Pods_Portal.framework */ = {isa = PBXFileReference; explicitFileType = wrapper.framework; includeInIndex = 0; path = Pods_Portal.framework; sourceTree = BUILT_PRODUCTS_DIR; };
		B9F3C87C7A686EE907BC034F /* Pods-Portal.release.xcconfig */ = {isa = PBXFileReference; includeInIndex = 1; lastKnownFileType = text.xcconfig; name = "Pods-Portal.release.xcconfig"; path = "Target Support Files/Pods-Portal/Pods-Portal.release.xcconfig"; sourceTree = "<group>"; };
		E7E6B5476585C5A59BE5839D /* Pods_Portal_PortalUITests.framework */ = {isa = PBXFileReference; explicitFileType = wrapper.framework; includeInIndex = 0; path = Pods_Portal_PortalUITests.framework; sourceTree = BUILT_PRODUCTS_DIR; };
		EA3F783613AE75A7BEB3CCF8 /* Pods-Portal.debug.xcconfig */ = {isa = PBXFileReference; includeInIndex = 1; lastKnownFileType = text.xcconfig; name = "Pods-Portal.debug.xcconfig"; path = "Target Support Files/Pods-Portal/Pods-Portal.debug.xcconfig"; sourceTree = "<group>"; };
/* End PBXFileReference section */

/* Begin PBXFrameworksBuildPhase section */
		7582D39E24123184008ECAB0 /* Frameworks */ = {
			isa = PBXFrameworksBuildPhase;
			buildActionMask = 2147483647;
			files = (
				7582D425241BDCA4008ECAB0 /* QGrid in Frameworks */,
				AD093EAC7E32437B9E5B187B /* Pods_Portal.framework in Frameworks */,
			);
			runOnlyForDeploymentPostprocessing = 0;
		};
		7582D3B724123185008ECAB0 /* Frameworks */ = {
			isa = PBXFrameworksBuildPhase;
			buildActionMask = 2147483647;
			files = (
				699170B47959AC03046904DC /* Pods_PortalTests.framework in Frameworks */,
			);
			runOnlyForDeploymentPostprocessing = 0;
		};
		7582D3C224123185008ECAB0 /* Frameworks */ = {
			isa = PBXFrameworksBuildPhase;
			buildActionMask = 2147483647;
			files = (
				1B5D4645ED8B867348E63D53 /* Pods_Portal_PortalUITests.framework in Frameworks */,
			);
			runOnlyForDeploymentPostprocessing = 0;
		};
/* End PBXFrameworksBuildPhase section */

/* Begin PBXGroup section */
		3C0C91469E571910648F6176 /* Pods */ = {
			isa = PBXGroup;
			children = (
				EA3F783613AE75A7BEB3CCF8 /* Pods-Portal.debug.xcconfig */,
				B9F3C87C7A686EE907BC034F /* Pods-Portal.release.xcconfig */,
				171CE3F19DB1868F6CFF77FB /* Pods-Portal-PortalUITests.debug.xcconfig */,
				2560AA559CB382BE426B8341 /* Pods-Portal-PortalUITests.release.xcconfig */,
				2A4759DB4F7D821F4AF0322A /* Pods-PortalTests.debug.xcconfig */,
				6068F2B744BD8F6270795EC0 /* Pods-PortalTests.release.xcconfig */,
			);
			path = Pods;
			sourceTree = "<group>";
		};
		7582D39824123184008ECAB0 = {
			isa = PBXGroup;
			children = (
				7582D3A324123184008ECAB0 /* Portal */,
				7582D3BD24123185008ECAB0 /* PortalTests */,
				7582D3C824123185008ECAB0 /* PortalUITests */,
				7582D3A224123184008ECAB0 /* Products */,
				3C0C91469E571910648F6176 /* Pods */,
				BD02C9DB3347F314E532AFFB /* Frameworks */,
			);
			sourceTree = "<group>";
		};
		7582D3A224123184008ECAB0 /* Products */ = {
			isa = PBXGroup;
			children = (
				7582D3A124123184008ECAB0 /* Portal.app */,
				7582D3BA24123185008ECAB0 /* PortalTests.xctest */,
				7582D3C524123185008ECAB0 /* PortalUITests.xctest */,
			);
			name = Products;
			sourceTree = "<group>";
		};
		7582D3A324123184008ECAB0 /* Portal */ = {
			isa = PBXGroup;
			children = (
				7582D3A424123184008ECAB0 /* AppDelegate.swift */,
				7582D3A624123184008ECAB0 /* SceneDelegate.swift */,
				7582D3DE24125641008ECAB0 /* MockData.swift */,
				7582D3D724123225008ECAB0 /* Views */,
				7582D41324167B1F008ECAB0 /* Helpers */,
				7582D41224167AFC008ECAB0 /* DataModels */,
				7582D3FA24161AD3008ECAB0 /* Extensions */,
				7582D3AD24123185008ECAB0 /* Assets.xcassets */,
				7582D3B224123185008ECAB0 /* LaunchScreen.storyboard */,
				7582D3B524123185008ECAB0 /* Info.plist */,
				7582D3A824123184008ECAB0 /* Portal.xcdatamodeld */,
				7582D3AF24123185008ECAB0 /* Preview Content */,
			);
			path = Portal;
			sourceTree = "<group>";
		};
		7582D3AF24123185008ECAB0 /* Preview Content */ = {
			isa = PBXGroup;
			children = (
				7582D3B024123185008ECAB0 /* Preview Assets.xcassets */,
			);
			path = "Preview Content";
			sourceTree = "<group>";
		};
		7582D3BD24123185008ECAB0 /* PortalTests */ = {
			isa = PBXGroup;
			children = (
				7582D3BE24123185008ECAB0 /* PortalTests.swift */,
				7582D3C024123185008ECAB0 /* Info.plist */,
			);
			path = PortalTests;
			sourceTree = "<group>";
		};
		7582D3C824123185008ECAB0 /* PortalUITests */ = {
			isa = PBXGroup;
			children = (
				7582D3C924123185008ECAB0 /* PortalUITests.swift */,
				7582D3CB24123185008ECAB0 /* Info.plist */,
			);
			path = PortalUITests;
			sourceTree = "<group>";
		};
		7582D3D724123225008ECAB0 /* Views */ = {
			isa = PBXGroup;
			children = (
				7582D3AB24123184008ECAB0 /* MainView.swift */,
				7582D3E32412571F008ECAB0 /* Wallet */,
				7582D3EB241261B1008ECAB0 /* Portfolio */,
				7582D3EC241261BD008ECAB0 /* AtomicBridge */,
			);
			path = Views;
			sourceTree = "<group>";
		};
		7582D3E2241256D9008ECAB0 /* WalletItemView */ = {
			isa = PBXGroup;
			children = (
				7582D3DC241255A5008ECAB0 /* WalletItemView.swift */,
				7582D3E02412569F008ECAB0 /* WalletItemViewModel.swift */,
			);
			path = WalletItemView;
			sourceTree = "<group>";
		};
		7582D3E32412571F008ECAB0 /* Wallet */ = {
			isa = PBXGroup;
			children = (
				7582D3D824123240008ECAB0 /* WalletView.swift */,
				7582D3FD24162062008ECAB0 /* AssetAllocationView */,
				7582D3E2241256D9008ECAB0 /* WalletItemView */,
				7582D4172418C618008ECAB0 /* CoinView */,
			);
			path = Wallet;
			sourceTree = "<group>";
		};
		7582D3EB241261B1008ECAB0 /* Portfolio */ = {
			isa = PBXGroup;
			children = (
				7582D3E9241261A0008ECAB0 /* PortfolioView.swift */,
				7582D40024165C29008ECAB0 /* LineChartUIKitWrapper.swift */,
				7582D40424167417008ECAB0 /* PortfolioViewModelProtocol.swift */,
				7582D4142417A39D008ECAB0 /* AssetMarketValueView.swift */,
			);
			path = Portfolio;
			sourceTree = "<group>";
		};
		7582D3EC241261BD008ECAB0 /* AtomicBridge */ = {
			isa = PBXGroup;
			children = (
				7582D3DA2412325D008ECAB0 /* AtomicBridgeView.swift */,
			);
			path = AtomicBridge;
			sourceTree = "<group>";
		};
		7582D3FA24161AD3008ECAB0 /* Extensions */ = {
			isa = PBXGroup;
			children = (
				7582D3F624161A34008ECAB0 /* Double+Extension.swift */,
				7582D3F824161ABA008ECAB0 /* PieChart+Extension.swift */,
				7582D4022416735F008ECAB0 /* LineChart+Extension.swift */,
				7582D40E24167AAE008ECAB0 /* Date+Extension.swift */,
				7582D421241BAE61008ECAB0 /* Color+Extension.swift */,
				755233B224291314001D8CF8 /* Font+Extension.swift */,
			);
			path = Extensions;
			sourceTree = "<group>";
		};
		7582D3FD24162062008ECAB0 /* AssetAllocationView */ = {
			isa = PBXGroup;
			children = (
				7582D4162418BAC5008ECAB0 /* ViewModels */,
				7582D3FB24161EB5008ECAB0 /* AssetAllocationView.swift */,
				7582D3F22414B0A1008ECAB0 /* PieChartUIKitWrapper.swift */,
			);
			path = AssetAllocationView;
			sourceTree = "<group>";
		};
		7582D41224167AFC008ECAB0 /* DataModels */ = {
			isa = PBXGroup;
			children = (
				7582D406241679A3008ECAB0 /* Enums.swift */,
				7582D408241679C3008ECAB0 /* MarketSnapshot.swift */,
				7582D41024167AE9008ECAB0 /* FiatCurrency.swift */,
				7582D40A24167A3F008ECAB0 /* CoinMarketData.swift */,
			);
			path = DataModels;
			sourceTree = "<group>";
		};
		7582D41324167B1F008ECAB0 /* Helpers */ = {
			isa = PBXGroup;
			children = (
				7582D40C24167A87008ECAB0 /* StringFormatter.swift */,
			);
			path = Helpers;
			sourceTree = "<group>";
		};
		7582D4162418BAC5008ECAB0 /* ViewModels */ = {
			isa = PBXGroup;
			children = (
				7582D3FE241620A3008ECAB0 /* AssetAllocationViewModel.swift */,
				7582D3F4241619CA008ECAB0 /* PieChartViewModel.swift */,
			);
			path = ViewModels;
			sourceTree = "<group>";
		};
		7582D4172418C618008ECAB0 /* CoinView */ = {
			isa = PBXGroup;
			children = (
				7582D3F024126B5F008ECAB0 /* CoinView.swift */,
				7582D42C2420C5D2008ECAB0 /* Transactions */,
				7582D42D2420C5E2008ECAB0 /* Alerts */,
				7582D4202418C7E3008ECAB0 /* ModalViews */,
			);
			path = CoinView;
			sourceTree = "<group>";
		};
		7582D4202418C7E3008ECAB0 /* ModalViews */ = {
			isa = PBXGroup;
			children = (
				7582D4182418C799008ECAB0 /* SendCoinView.swift */,
				7582D41A2418C7A9008ECAB0 /* ReceiveCoinView.swift */,
				7582D41C2418C7CD008ECAB0 /* SendToExchangeView.swift */,
				7582D41E2418C7DB008ECAB0 /* WithdrawCoinView.swift */,
			);
			path = ModalViews;
			sourceTree = "<group>";
		};
		7582D42C2420C5D2008ECAB0 /* Transactions */ = {
			isa = PBXGroup;
			children = (
				7582D43024210618008ECAB0 /* TransactionView.swift */,
				7582D428241FD9F0008ECAB0 /* TransactionsListView.swift */,
				7582D42E2420C7BF008ECAB0 /* TransactionListItemView.swift */,
			);
			path = Transactions;
			sourceTree = "<group>";
		};
		7582D42D2420C5E2008ECAB0 /* Alerts */ = {
			isa = PBXGroup;
			children = (
				7582D42A241FDA87008ECAB0 /* AlertsListView.swift */,
			);
			path = Alerts;
			sourceTree = "<group>";
		};
		BD02C9DB3347F314E532AFFB /* Frameworks */ = {
			isa = PBXGroup;
			children = (
				A724453451E80046E8FED853 /* Pods_Portal.framework */,
				E7E6B5476585C5A59BE5839D /* Pods_Portal_PortalUITests.framework */,
				208D6013569144022A61A0CB /* Pods_PortalTests.framework */,
			);
			name = Frameworks;
			sourceTree = "<group>";
		};
/* End PBXGroup section */

/* Begin PBXNativeTarget section */
		7582D3A024123184008ECAB0 /* Portal */ = {
			isa = PBXNativeTarget;
			buildConfigurationList = 7582D3CE24123185008ECAB0 /* Build configuration list for PBXNativeTarget "Portal" */;
			buildPhases = (
				DC4F42A06679EBF8B6C32057 /* [CP] Check Pods Manifest.lock */,
				7582D39D24123184008ECAB0 /* Sources */,
				7582D39E24123184008ECAB0 /* Frameworks */,
				7582D39F24123184008ECAB0 /* Resources */,
				4CB66AA11FD94A0AA6A79659 /* [CP] Embed Pods Frameworks */,
			);
			buildRules = (
			);
			dependencies = (
			);
			name = Portal;
			packageProductDependencies = (
				7582D424241BDCA4008ECAB0 /* QGrid */,
			);
			productName = Portal;
			productReference = 7582D3A124123184008ECAB0 /* Portal.app */;
			productType = "com.apple.product-type.application";
		};
		7582D3B924123185008ECAB0 /* PortalTests */ = {
			isa = PBXNativeTarget;
			buildConfigurationList = 7582D3D124123185008ECAB0 /* Build configuration list for PBXNativeTarget "PortalTests" */;
			buildPhases = (
				B26224C153714A53A00C2AD9 /* [CP] Check Pods Manifest.lock */,
				7582D3B624123185008ECAB0 /* Sources */,
				7582D3B724123185008ECAB0 /* Frameworks */,
				7582D3B824123185008ECAB0 /* Resources */,
			);
			buildRules = (
			);
			dependencies = (
				7582D3BC24123185008ECAB0 /* PBXTargetDependency */,
			);
			name = PortalTests;
			productName = PortalTests;
			productReference = 7582D3BA24123185008ECAB0 /* PortalTests.xctest */;
			productType = "com.apple.product-type.bundle.unit-test";
		};
		7582D3C424123185008ECAB0 /* PortalUITests */ = {
			isa = PBXNativeTarget;
			buildConfigurationList = 7582D3D424123185008ECAB0 /* Build configuration list for PBXNativeTarget "PortalUITests" */;
			buildPhases = (
				F3D5CB5B22C11C1B45292C3E /* [CP] Check Pods Manifest.lock */,
				7582D3C124123185008ECAB0 /* Sources */,
				7582D3C224123185008ECAB0 /* Frameworks */,
				7582D3C324123185008ECAB0 /* Resources */,
				533133E0C8915A011D629259 /* [CP] Embed Pods Frameworks */,
			);
			buildRules = (
			);
			dependencies = (
				7582D3C724123185008ECAB0 /* PBXTargetDependency */,
			);
			name = PortalUITests;
			productName = PortalUITests;
			productReference = 7582D3C524123185008ECAB0 /* PortalUITests.xctest */;
			productType = "com.apple.product-type.bundle.ui-testing";
		};
/* End PBXNativeTarget section */

/* Begin PBXProject section */
		7582D39924123184008ECAB0 /* Project object */ = {
			isa = PBXProject;
			attributes = {
				LastSwiftUpdateCheck = 1130;
				LastUpgradeCheck = 1130;
				ORGANIZATIONNAME = "Tides Network";
				TargetAttributes = {
					7582D3A024123184008ECAB0 = {
						CreatedOnToolsVersion = 11.3.1;
					};
					7582D3B924123185008ECAB0 = {
						CreatedOnToolsVersion = 11.3.1;
						TestTargetID = 7582D3A024123184008ECAB0;
					};
					7582D3C424123185008ECAB0 = {
						CreatedOnToolsVersion = 11.3.1;
						TestTargetID = 7582D3A024123184008ECAB0;
					};
				};
			};
			buildConfigurationList = 7582D39C24123184008ECAB0 /* Build configuration list for PBXProject "Portal" */;
			compatibilityVersion = "Xcode 9.3";
			developmentRegion = en;
			hasScannedForEncodings = 0;
			knownRegions = (
				en,
				Base,
			);
			mainGroup = 7582D39824123184008ECAB0;
			packageReferences = (
				7582D423241BDCA4008ECAB0 /* XCRemoteSwiftPackageReference "QGrid" */,
			);
			productRefGroup = 7582D3A224123184008ECAB0 /* Products */;
			projectDirPath = "";
			projectRoot = "";
			targets = (
				7582D3A024123184008ECAB0 /* Portal */,
				7582D3B924123185008ECAB0 /* PortalTests */,
				7582D3C424123185008ECAB0 /* PortalUITests */,
			);
		};
/* End PBXProject section */

/* Begin PBXResourcesBuildPhase section */
		7582D39F24123184008ECAB0 /* Resources */ = {
			isa = PBXResourcesBuildPhase;
			buildActionMask = 2147483647;
			files = (
				7582D3B424123185008ECAB0 /* LaunchScreen.storyboard in Resources */,
				7582D3B124123185008ECAB0 /* Preview Assets.xcassets in Resources */,
				7582D3AE24123185008ECAB0 /* Assets.xcassets in Resources */,
			);
			runOnlyForDeploymentPostprocessing = 0;
		};
		7582D3B824123185008ECAB0 /* Resources */ = {
			isa = PBXResourcesBuildPhase;
			buildActionMask = 2147483647;
			files = (
			);
			runOnlyForDeploymentPostprocessing = 0;
		};
		7582D3C324123185008ECAB0 /* Resources */ = {
			isa = PBXResourcesBuildPhase;
			buildActionMask = 2147483647;
			files = (
			);
			runOnlyForDeploymentPostprocessing = 0;
		};
/* End PBXResourcesBuildPhase section */

/* Begin PBXShellScriptBuildPhase section */
		4CB66AA11FD94A0AA6A79659 /* [CP] Embed Pods Frameworks */ = {
			isa = PBXShellScriptBuildPhase;
			buildActionMask = 2147483647;
			files = (
			);
			inputFileListPaths = (
				"${PODS_ROOT}/Target Support Files/Pods-Portal/Pods-Portal-frameworks-${CONFIGURATION}-input-files.xcfilelist",
			);
			name = "[CP] Embed Pods Frameworks";
			outputFileListPaths = (
				"${PODS_ROOT}/Target Support Files/Pods-Portal/Pods-Portal-frameworks-${CONFIGURATION}-output-files.xcfilelist",
			);
			runOnlyForDeploymentPostprocessing = 0;
			shellPath = /bin/sh;
			shellScript = "\"${PODS_ROOT}/Target Support Files/Pods-Portal/Pods-Portal-frameworks.sh\"\n";
			showEnvVarsInLog = 0;
		};
		533133E0C8915A011D629259 /* [CP] Embed Pods Frameworks */ = {
			isa = PBXShellScriptBuildPhase;
			buildActionMask = 2147483647;
			files = (
			);
			inputFileListPaths = (
				"${PODS_ROOT}/Target Support Files/Pods-Portal-PortalUITests/Pods-Portal-PortalUITests-frameworks-${CONFIGURATION}-input-files.xcfilelist",
			);
			name = "[CP] Embed Pods Frameworks";
			outputFileListPaths = (
				"${PODS_ROOT}/Target Support Files/Pods-Portal-PortalUITests/Pods-Portal-PortalUITests-frameworks-${CONFIGURATION}-output-files.xcfilelist",
			);
			runOnlyForDeploymentPostprocessing = 0;
			shellPath = /bin/sh;
			shellScript = "\"${PODS_ROOT}/Target Support Files/Pods-Portal-PortalUITests/Pods-Portal-PortalUITests-frameworks.sh\"\n";
			showEnvVarsInLog = 0;
		};
		B26224C153714A53A00C2AD9 /* [CP] Check Pods Manifest.lock */ = {
			isa = PBXShellScriptBuildPhase;
			buildActionMask = 2147483647;
			files = (
			);
			inputFileListPaths = (
			);
			inputPaths = (
				"${PODS_PODFILE_DIR_PATH}/Podfile.lock",
				"${PODS_ROOT}/Manifest.lock",
			);
			name = "[CP] Check Pods Manifest.lock";
			outputFileListPaths = (
			);
			outputPaths = (
				"$(DERIVED_FILE_DIR)/Pods-PortalTests-checkManifestLockResult.txt",
			);
			runOnlyForDeploymentPostprocessing = 0;
			shellPath = /bin/sh;
			shellScript = "diff \"${PODS_PODFILE_DIR_PATH}/Podfile.lock\" \"${PODS_ROOT}/Manifest.lock\" > /dev/null\nif [ $? != 0 ] ; then\n    # print error to STDERR\n    echo \"error: The sandbox is not in sync with the Podfile.lock. Run 'pod install' or update your CocoaPods installation.\" >&2\n    exit 1\nfi\n# This output is used by Xcode 'outputs' to avoid re-running this script phase.\necho \"SUCCESS\" > \"${SCRIPT_OUTPUT_FILE_0}\"\n";
			showEnvVarsInLog = 0;
		};
		DC4F42A06679EBF8B6C32057 /* [CP] Check Pods Manifest.lock */ = {
			isa = PBXShellScriptBuildPhase;
			buildActionMask = 2147483647;
			files = (
			);
			inputFileListPaths = (
			);
			inputPaths = (
				"${PODS_PODFILE_DIR_PATH}/Podfile.lock",
				"${PODS_ROOT}/Manifest.lock",
			);
			name = "[CP] Check Pods Manifest.lock";
			outputFileListPaths = (
			);
			outputPaths = (
				"$(DERIVED_FILE_DIR)/Pods-Portal-checkManifestLockResult.txt",
			);
			runOnlyForDeploymentPostprocessing = 0;
			shellPath = /bin/sh;
			shellScript = "diff \"${PODS_PODFILE_DIR_PATH}/Podfile.lock\" \"${PODS_ROOT}/Manifest.lock\" > /dev/null\nif [ $? != 0 ] ; then\n    # print error to STDERR\n    echo \"error: The sandbox is not in sync with the Podfile.lock. Run 'pod install' or update your CocoaPods installation.\" >&2\n    exit 1\nfi\n# This output is used by Xcode 'outputs' to avoid re-running this script phase.\necho \"SUCCESS\" > \"${SCRIPT_OUTPUT_FILE_0}\"\n";
			showEnvVarsInLog = 0;
		};
		F3D5CB5B22C11C1B45292C3E /* [CP] Check Pods Manifest.lock */ = {
			isa = PBXShellScriptBuildPhase;
			buildActionMask = 2147483647;
			files = (
			);
			inputFileListPaths = (
			);
			inputPaths = (
				"${PODS_PODFILE_DIR_PATH}/Podfile.lock",
				"${PODS_ROOT}/Manifest.lock",
			);
			name = "[CP] Check Pods Manifest.lock";
			outputFileListPaths = (
			);
			outputPaths = (
				"$(DERIVED_FILE_DIR)/Pods-Portal-PortalUITests-checkManifestLockResult.txt",
			);
			runOnlyForDeploymentPostprocessing = 0;
			shellPath = /bin/sh;
			shellScript = "diff \"${PODS_PODFILE_DIR_PATH}/Podfile.lock\" \"${PODS_ROOT}/Manifest.lock\" > /dev/null\nif [ $? != 0 ] ; then\n    # print error to STDERR\n    echo \"error: The sandbox is not in sync with the Podfile.lock. Run 'pod install' or update your CocoaPods installation.\" >&2\n    exit 1\nfi\n# This output is used by Xcode 'outputs' to avoid re-running this script phase.\necho \"SUCCESS\" > \"${SCRIPT_OUTPUT_FILE_0}\"\n";
			showEnvVarsInLog = 0;
		};
/* End PBXShellScriptBuildPhase section */

/* Begin PBXSourcesBuildPhase section */
		7582D39D24123184008ECAB0 /* Sources */ = {
			isa = PBXSourcesBuildPhase;
			buildActionMask = 2147483647;
			files = (
				7582D40F24167AAE008ECAB0 /* Date+Extension.swift in Sources */,
				7582D3DD241255A5008ECAB0 /* WalletItemView.swift in Sources */,
				7582D429241FD9F0008ECAB0 /* TransactionsListView.swift in Sources */,
				755233B324291314001D8CF8 /* Font+Extension.swift in Sources */,
				7582D41D2418C7CD008ECAB0 /* SendToExchangeView.swift in Sources */,
				7582D3A524123184008ECAB0 /* AppDelegate.swift in Sources */,
				7582D3F724161A34008ECAB0 /* Double+Extension.swift in Sources */,
				7582D3D924123240008ECAB0 /* WalletView.swift in Sources */,
				7582D407241679A3008ECAB0 /* Enums.swift in Sources */,
				7582D3E12412569F008ECAB0 /* WalletItemViewModel.swift in Sources */,
				7582D3FC24161EB5008ECAB0 /* AssetAllocationView.swift in Sources */,
				7582D40B24167A3F008ECAB0 /* CoinMarketData.swift in Sources */,
				7582D3DB2412325D008ECAB0 /* AtomicBridgeView.swift in Sources */,
				7582D3AA24123184008ECAB0 /* Portal.xcdatamodeld in Sources */,
				7582D4192418C799008ECAB0 /* SendCoinView.swift in Sources */,
				7582D3DF24125641008ECAB0 /* MockData.swift in Sources */,
				7582D40124165C29008ECAB0 /* LineChartUIKitWrapper.swift in Sources */,
				7582D4032416735F008ECAB0 /* LineChart+Extension.swift in Sources */,
				7582D43124210618008ECAB0 /* TransactionView.swift in Sources */,
				7582D3EA241261A0008ECAB0 /* PortfolioView.swift in Sources */,
				7582D4152417A39E008ECAB0 /* AssetMarketValueView.swift in Sources */,
				7582D409241679C3008ECAB0 /* MarketSnapshot.swift in Sources */,
				7582D41B2418C7A9008ECAB0 /* ReceiveCoinView.swift in Sources */,
				7582D3F32414B0A1008ECAB0 /* PieChartUIKitWrapper.swift in Sources */,
				7582D40524167417008ECAB0 /* PortfolioViewModelProtocol.swift in Sources */,
				7582D41F2418C7DB008ECAB0 /* WithdrawCoinView.swift in Sources */,
				7582D422241BAE62008ECAB0 /* Color+Extension.swift in Sources */,
				7582D3AC24123184008ECAB0 /* MainView.swift in Sources */,
				7582D3F124126B60008ECAB0 /* CoinView.swift in Sources */,
				7582D41124167AE9008ECAB0 /* FiatCurrency.swift in Sources */,
				7582D40D24167A87008ECAB0 /* StringFormatter.swift in Sources */,
				7582D3FF241620A3008ECAB0 /* AssetAllocationViewModel.swift in Sources */,
				7582D3A724123184008ECAB0 /* SceneDelegate.swift in Sources */,
				7582D42B241FDA87008ECAB0 /* AlertsListView.swift in Sources */,
				7582D3F924161ABA008ECAB0 /* PieChart+Extension.swift in Sources */,
				7582D42F2420C7BF008ECAB0 /* TransactionListItemView.swift in Sources */,
				7582D3F5241619CA008ECAB0 /* PieChartViewModel.swift in Sources */,
			);
			runOnlyForDeploymentPostprocessing = 0;
		};
		7582D3B624123185008ECAB0 /* Sources */ = {
			isa = PBXSourcesBuildPhase;
			buildActionMask = 2147483647;
			files = (
				7582D3BF24123185008ECAB0 /* PortalTests.swift in Sources */,
			);
			runOnlyForDeploymentPostprocessing = 0;
		};
		7582D3C124123185008ECAB0 /* Sources */ = {
			isa = PBXSourcesBuildPhase;
			buildActionMask = 2147483647;
			files = (
				7582D3CA24123185008ECAB0 /* PortalUITests.swift in Sources */,
			);
			runOnlyForDeploymentPostprocessing = 0;
		};
/* End PBXSourcesBuildPhase section */

/* Begin PBXTargetDependency section */
		7582D3BC24123185008ECAB0 /* PBXTargetDependency */ = {
			isa = PBXTargetDependency;
			target = 7582D3A024123184008ECAB0 /* Portal */;
			targetProxy = 7582D3BB24123185008ECAB0 /* PBXContainerItemProxy */;
		};
		7582D3C724123185008ECAB0 /* PBXTargetDependency */ = {
			isa = PBXTargetDependency;
			target = 7582D3A024123184008ECAB0 /* Portal */;
			targetProxy = 7582D3C624123185008ECAB0 /* PBXContainerItemProxy */;
		};
/* End PBXTargetDependency section */

/* Begin PBXVariantGroup section */
		7582D3B224123185008ECAB0 /* LaunchScreen.storyboard */ = {
			isa = PBXVariantGroup;
			children = (
				7582D3B324123185008ECAB0 /* Base */,
			);
			name = LaunchScreen.storyboard;
			sourceTree = "<group>";
		};
/* End PBXVariantGroup section */

/* Begin XCBuildConfiguration section */
		7582D3CC24123185008ECAB0 /* Debug */ = {
			isa = XCBuildConfiguration;
			buildSettings = {
				ALWAYS_SEARCH_USER_PATHS = NO;
				CLANG_ANALYZER_NONNULL = YES;
				CLANG_ANALYZER_NUMBER_OBJECT_CONVERSION = YES_AGGRESSIVE;
				CLANG_CXX_LANGUAGE_STANDARD = "gnu++14";
				CLANG_CXX_LIBRARY = "libc++";
				CLANG_ENABLE_MODULES = YES;
				CLANG_ENABLE_OBJC_ARC = YES;
				CLANG_ENABLE_OBJC_WEAK = YES;
				CLANG_WARN_BLOCK_CAPTURE_AUTORELEASING = YES;
				CLANG_WARN_BOOL_CONVERSION = YES;
				CLANG_WARN_COMMA = YES;
				CLANG_WARN_CONSTANT_CONVERSION = YES;
				CLANG_WARN_DEPRECATED_OBJC_IMPLEMENTATIONS = YES;
				CLANG_WARN_DIRECT_OBJC_ISA_USAGE = YES_ERROR;
				CLANG_WARN_DOCUMENTATION_COMMENTS = YES;
				CLANG_WARN_EMPTY_BODY = YES;
				CLANG_WARN_ENUM_CONVERSION = YES;
				CLANG_WARN_INFINITE_RECURSION = YES;
				CLANG_WARN_INT_CONVERSION = YES;
				CLANG_WARN_NON_LITERAL_NULL_CONVERSION = YES;
				CLANG_WARN_OBJC_IMPLICIT_RETAIN_SELF = YES;
				CLANG_WARN_OBJC_LITERAL_CONVERSION = YES;
				CLANG_WARN_OBJC_ROOT_CLASS = YES_ERROR;
				CLANG_WARN_RANGE_LOOP_ANALYSIS = YES;
				CLANG_WARN_STRICT_PROTOTYPES = YES;
				CLANG_WARN_SUSPICIOUS_MOVE = YES;
				CLANG_WARN_UNGUARDED_AVAILABILITY = YES_AGGRESSIVE;
				CLANG_WARN_UNREACHABLE_CODE = YES;
				CLANG_WARN__DUPLICATE_METHOD_MATCH = YES;
				COPY_PHASE_STRIP = NO;
				DEBUG_INFORMATION_FORMAT = dwarf;
				ENABLE_STRICT_OBJC_MSGSEND = YES;
				ENABLE_TESTABILITY = YES;
				GCC_C_LANGUAGE_STANDARD = gnu11;
				GCC_DYNAMIC_NO_PIC = NO;
				GCC_NO_COMMON_BLOCKS = YES;
				GCC_OPTIMIZATION_LEVEL = 0;
				GCC_PREPROCESSOR_DEFINITIONS = (
					"DEBUG=1",
					"$(inherited)",
				);
				GCC_WARN_64_TO_32_BIT_CONVERSION = YES;
				GCC_WARN_ABOUT_RETURN_TYPE = YES_ERROR;
				GCC_WARN_UNDECLARED_SELECTOR = YES;
				GCC_WARN_UNINITIALIZED_AUTOS = YES_AGGRESSIVE;
				GCC_WARN_UNUSED_FUNCTION = YES;
				GCC_WARN_UNUSED_VARIABLE = YES;
				IPHONEOS_DEPLOYMENT_TARGET = 13.2;
				MTL_ENABLE_DEBUG_INFO = INCLUDE_SOURCE;
				MTL_FAST_MATH = YES;
				ONLY_ACTIVE_ARCH = YES;
				SDKROOT = iphoneos;
				SWIFT_ACTIVE_COMPILATION_CONDITIONS = DEBUG;
				SWIFT_OPTIMIZATION_LEVEL = "-Onone";
			};
			name = Debug;
		};
		7582D3CD24123185008ECAB0 /* Release */ = {
			isa = XCBuildConfiguration;
			buildSettings = {
				ALWAYS_SEARCH_USER_PATHS = NO;
				CLANG_ANALYZER_NONNULL = YES;
				CLANG_ANALYZER_NUMBER_OBJECT_CONVERSION = YES_AGGRESSIVE;
				CLANG_CXX_LANGUAGE_STANDARD = "gnu++14";
				CLANG_CXX_LIBRARY = "libc++";
				CLANG_ENABLE_MODULES = YES;
				CLANG_ENABLE_OBJC_ARC = YES;
				CLANG_ENABLE_OBJC_WEAK = YES;
				CLANG_WARN_BLOCK_CAPTURE_AUTORELEASING = YES;
				CLANG_WARN_BOOL_CONVERSION = YES;
				CLANG_WARN_COMMA = YES;
				CLANG_WARN_CONSTANT_CONVERSION = YES;
				CLANG_WARN_DEPRECATED_OBJC_IMPLEMENTATIONS = YES;
				CLANG_WARN_DIRECT_OBJC_ISA_USAGE = YES_ERROR;
				CLANG_WARN_DOCUMENTATION_COMMENTS = YES;
				CLANG_WARN_EMPTY_BODY = YES;
				CLANG_WARN_ENUM_CONVERSION = YES;
				CLANG_WARN_INFINITE_RECURSION = YES;
				CLANG_WARN_INT_CONVERSION = YES;
				CLANG_WARN_NON_LITERAL_NULL_CONVERSION = YES;
				CLANG_WARN_OBJC_IMPLICIT_RETAIN_SELF = YES;
				CLANG_WARN_OBJC_LITERAL_CONVERSION = YES;
				CLANG_WARN_OBJC_ROOT_CLASS = YES_ERROR;
				CLANG_WARN_RANGE_LOOP_ANALYSIS = YES;
				CLANG_WARN_STRICT_PROTOTYPES = YES;
				CLANG_WARN_SUSPICIOUS_MOVE = YES;
				CLANG_WARN_UNGUARDED_AVAILABILITY = YES_AGGRESSIVE;
				CLANG_WARN_UNREACHABLE_CODE = YES;
				CLANG_WARN__DUPLICATE_METHOD_MATCH = YES;
				COPY_PHASE_STRIP = NO;
				DEBUG_INFORMATION_FORMAT = "dwarf-with-dsym";
				ENABLE_NS_ASSERTIONS = NO;
				ENABLE_STRICT_OBJC_MSGSEND = YES;
				GCC_C_LANGUAGE_STANDARD = gnu11;
				GCC_NO_COMMON_BLOCKS = YES;
				GCC_WARN_64_TO_32_BIT_CONVERSION = YES;
				GCC_WARN_ABOUT_RETURN_TYPE = YES_ERROR;
				GCC_WARN_UNDECLARED_SELECTOR = YES;
				GCC_WARN_UNINITIALIZED_AUTOS = YES_AGGRESSIVE;
				GCC_WARN_UNUSED_FUNCTION = YES;
				GCC_WARN_UNUSED_VARIABLE = YES;
				IPHONEOS_DEPLOYMENT_TARGET = 13.2;
				MTL_ENABLE_DEBUG_INFO = NO;
				MTL_FAST_MATH = YES;
				SDKROOT = iphoneos;
				SWIFT_COMPILATION_MODE = wholemodule;
				SWIFT_OPTIMIZATION_LEVEL = "-O";
				VALIDATE_PRODUCT = YES;
			};
			name = Release;
		};
		7582D3CF24123185008ECAB0 /* Debug */ = {
			isa = XCBuildConfiguration;
			baseConfigurationReference = EA3F783613AE75A7BEB3CCF8 /* Pods-Portal.debug.xcconfig */;
			buildSettings = {
				ASSETCATALOG_COMPILER_APPICON_NAME = AppIcon;
				CODE_SIGN_STYLE = Automatic;
				DEVELOPMENT_ASSET_PATHS = "\"Portal/Preview Content\"";
				DEVELOPMENT_TEAM = HBPT8C8527;
				ENABLE_PREVIEWS = YES;
				INFOPLIST_FILE = Portal/Info.plist;
				LD_RUNPATH_SEARCH_PATHS = (
					"$(inherited)",
					"@executable_path/Frameworks",
				);
				PRODUCT_BUNDLE_IDENTIFIER = com.tides.portal.ios.Portal;
				PRODUCT_NAME = "$(TARGET_NAME)";
				SWIFT_VERSION = 5.0;
				TARGETED_DEVICE_FAMILY = 1;
			};
			name = Debug;
		};
		7582D3D024123185008ECAB0 /* Release */ = {
			isa = XCBuildConfiguration;
			baseConfigurationReference = B9F3C87C7A686EE907BC034F /* Pods-Portal.release.xcconfig */;
			buildSettings = {
				ASSETCATALOG_COMPILER_APPICON_NAME = AppIcon;
				CODE_SIGN_STYLE = Automatic;
				DEVELOPMENT_ASSET_PATHS = "\"Portal/Preview Content\"";
				DEVELOPMENT_TEAM = HBPT8C8527;
				ENABLE_PREVIEWS = YES;
				INFOPLIST_FILE = Portal/Info.plist;
				LD_RUNPATH_SEARCH_PATHS = (
					"$(inherited)",
					"@executable_path/Frameworks",
				);
				PRODUCT_BUNDLE_IDENTIFIER = com.tides.portal.ios.Portal;
				PRODUCT_NAME = "$(TARGET_NAME)";
				SWIFT_VERSION = 5.0;
				TARGETED_DEVICE_FAMILY = 1;
			};
			name = Release;
		};
		7582D3D224123185008ECAB0 /* Debug */ = {
			isa = XCBuildConfiguration;
			baseConfigurationReference = 2A4759DB4F7D821F4AF0322A /* Pods-PortalTests.debug.xcconfig */;
			buildSettings = {
				ALWAYS_EMBED_SWIFT_STANDARD_LIBRARIES = YES;
				BUNDLE_LOADER = "$(TEST_HOST)";
				CODE_SIGN_STYLE = Automatic;
				DEVELOPMENT_TEAM = HBPT8C8527;
				INFOPLIST_FILE = PortalTests/Info.plist;
				IPHONEOS_DEPLOYMENT_TARGET = 13.2;
				LD_RUNPATH_SEARCH_PATHS = (
					"$(inherited)",
					"@executable_path/Frameworks",
					"@loader_path/Frameworks",
				);
				PRODUCT_BUNDLE_IDENTIFIER = com.tides.portal.ios.PortalTests;
				PRODUCT_NAME = "$(TARGET_NAME)";
				SWIFT_VERSION = 5.0;
				TARGETED_DEVICE_FAMILY = "1,2";
				TEST_HOST = "$(BUILT_PRODUCTS_DIR)/Portal.app/Portal";
			};
			name = Debug;
		};
		7582D3D324123185008ECAB0 /* Release */ = {
			isa = XCBuildConfiguration;
			baseConfigurationReference = 6068F2B744BD8F6270795EC0 /* Pods-PortalTests.release.xcconfig */;
			buildSettings = {
				ALWAYS_EMBED_SWIFT_STANDARD_LIBRARIES = YES;
				BUNDLE_LOADER = "$(TEST_HOST)";
				CODE_SIGN_STYLE = Automatic;
				DEVELOPMENT_TEAM = HBPT8C8527;
				INFOPLIST_FILE = PortalTests/Info.plist;
				IPHONEOS_DEPLOYMENT_TARGET = 13.2;
				LD_RUNPATH_SEARCH_PATHS = (
					"$(inherited)",
					"@executable_path/Frameworks",
					"@loader_path/Frameworks",
				);
				PRODUCT_BUNDLE_IDENTIFIER = com.tides.portal.ios.PortalTests;
				PRODUCT_NAME = "$(TARGET_NAME)";
				SWIFT_VERSION = 5.0;
				TARGETED_DEVICE_FAMILY = "1,2";
				TEST_HOST = "$(BUILT_PRODUCTS_DIR)/Portal.app/Portal";
			};
			name = Release;
		};
		7582D3D524123185008ECAB0 /* Debug */ = {
			isa = XCBuildConfiguration;
			baseConfigurationReference = 171CE3F19DB1868F6CFF77FB /* Pods-Portal-PortalUITests.debug.xcconfig */;
			buildSettings = {
				ALWAYS_EMBED_SWIFT_STANDARD_LIBRARIES = YES;
				CODE_SIGN_STYLE = Automatic;
				DEVELOPMENT_TEAM = HBPT8C8527;
				INFOPLIST_FILE = PortalUITests/Info.plist;
				LD_RUNPATH_SEARCH_PATHS = (
					"$(inherited)",
					"@executable_path/Frameworks",
					"@loader_path/Frameworks",
				);
				PRODUCT_BUNDLE_IDENTIFIER = com.tides.portal.ios.PortalUITests;
				PRODUCT_NAME = "$(TARGET_NAME)";
				SWIFT_VERSION = 5.0;
				TARGETED_DEVICE_FAMILY = "1,2";
				TEST_TARGET_NAME = Portal;
			};
			name = Debug;
		};
		7582D3D624123185008ECAB0 /* Release */ = {
			isa = XCBuildConfiguration;
			baseConfigurationReference = 2560AA559CB382BE426B8341 /* Pods-Portal-PortalUITests.release.xcconfig */;
			buildSettings = {
				ALWAYS_EMBED_SWIFT_STANDARD_LIBRARIES = YES;
				CODE_SIGN_STYLE = Automatic;
				DEVELOPMENT_TEAM = HBPT8C8527;
				INFOPLIST_FILE = PortalUITests/Info.plist;
				LD_RUNPATH_SEARCH_PATHS = (
					"$(inherited)",
					"@executable_path/Frameworks",
					"@loader_path/Frameworks",
				);
				PRODUCT_BUNDLE_IDENTIFIER = com.tides.portal.ios.PortalUITests;
				PRODUCT_NAME = "$(TARGET_NAME)";
				SWIFT_VERSION = 5.0;
				TARGETED_DEVICE_FAMILY = "1,2";
				TEST_TARGET_NAME = Portal;
			};
			name = Release;
		};
/* End XCBuildConfiguration section */

/* Begin XCConfigurationList section */
		7582D39C24123184008ECAB0 /* Build configuration list for PBXProject "Portal" */ = {
			isa = XCConfigurationList;
			buildConfigurations = (
				7582D3CC24123185008ECAB0 /* Debug */,
				7582D3CD24123185008ECAB0 /* Release */,
			);
			defaultConfigurationIsVisible = 0;
			defaultConfigurationName = Release;
		};
		7582D3CE24123185008ECAB0 /* Build configuration list for PBXNativeTarget "Portal" */ = {
			isa = XCConfigurationList;
			buildConfigurations = (
				7582D3CF24123185008ECAB0 /* Debug */,
				7582D3D024123185008ECAB0 /* Release */,
			);
			defaultConfigurationIsVisible = 0;
			defaultConfigurationName = Release;
		};
		7582D3D124123185008ECAB0 /* Build configuration list for PBXNativeTarget "PortalTests" */ = {
			isa = XCConfigurationList;
			buildConfigurations = (
				7582D3D224123185008ECAB0 /* Debug */,
				7582D3D324123185008ECAB0 /* Release */,
			);
			defaultConfigurationIsVisible = 0;
			defaultConfigurationName = Release;
		};
		7582D3D424123185008ECAB0 /* Build configuration list for PBXNativeTarget "PortalUITests" */ = {
			isa = XCConfigurationList;
			buildConfigurations = (
				7582D3D524123185008ECAB0 /* Debug */,
				7582D3D624123185008ECAB0 /* Release */,
			);
			defaultConfigurationIsVisible = 0;
			defaultConfigurationName = Release;
		};
/* End XCConfigurationList section */

/* Begin XCRemoteSwiftPackageReference section */
		7582D423241BDCA4008ECAB0 /* XCRemoteSwiftPackageReference "QGrid" */ = {
			isa = XCRemoteSwiftPackageReference;
			repositoryURL = "https://github.com/Q-Mobile/QGrid";
			requirement = {
				kind = upToNextMajorVersion;
				minimumVersion = 0.1.3;
			};
		};
/* End XCRemoteSwiftPackageReference section */

/* Begin XCSwiftPackageProductDependency section */
		7582D424241BDCA4008ECAB0 /* QGrid */ = {
			isa = XCSwiftPackageProductDependency;
			package = 7582D423241BDCA4008ECAB0 /* XCRemoteSwiftPackageReference "QGrid" */;
			productName = QGrid;
		};
/* End XCSwiftPackageProductDependency section */

/* Begin XCVersionGroup section */
		7582D3A824123184008ECAB0 /* Portal.xcdatamodeld */ = {
			isa = XCVersionGroup;
			children = (
				7582D3A924123184008ECAB0 /* Portal.xcdatamodel */,
			);
			currentVersion = 7582D3A924123184008ECAB0 /* Portal.xcdatamodel */;
			path = Portal.xcdatamodeld;
			sourceTree = "<group>";
			versionGroupType = wrapper.xcdatamodel;
		};
/* End XCVersionGroup section */
	};
	rootObject = 7582D39924123184008ECAB0 /* Project object */;
}
